
Microsoft Visual Studio Solution File, Format Version 12.00
# Visual Studio Version 16
VisualStudioVersion = 16.0.31911.196
MinimumVisualStudioVersion = 10.0.40219.1
Project("{FAE04EC0-301F-11D3-BF4B-00C04F79EFBC}") = "WindowsFormsApp21", "WindowsFormsApp21\WindowsFormsApp21.csproj", "{7A241F76-6101-4DE1-AC72-BF2AA7A991CC}"
EndProject
Global
	GlobalSection(SolutionConfigurationPlatforms) = preSolution
		Debug|Any CPU = Debug|Any CPU
		Release|Any CPU = Release|Any CPU
	EndGlobalSection
	GlobalSection(ProjectConfigurationPlatforms) = postSolution
		{7A241F76-6101-4DE1-AC72-BF2AA7A991CC}.Debug|Any CPU.ActiveCfg = Debug|Any CPU
		{7A241F76-6101-4DE1-AC72-BF2AA7A991CC}.Debug|Any CPU.Build.0 = Debug|Any CPU
		{7A241F76-6101-4DE1-AC72-BF2AA7A991CC}.Release|Any CPU.ActiveCfg = Release|Any CPU
		{7A241F76-6101-4DE1-AC72-BF2AA7A991CC}.Release|Any CPU.Build.0 = Release|Any CPU
	EndGlobalSection
	GlobalSection(SolutionProperties) = preSolution
		HideSolutionNode = FALSE
	EndGlobalSection
	GlobalSection(ExtensibilityGlobals) = postSolution
		SolutionGuid = {418C9BDE-8138-4336-B7C4-14F9CCC20ACF}
	EndGlobalSection
EndGlobal
