
Microsoft Visual Studio Solution File, Format Version 12.00
# Visual Studio Version 16
VisualStudioVersion = 16.0.31911.196
MinimumVisualStudioVersion = 10.0.40219.1
Project("{FAE04EC0-301F-11D3-BF4B-00C04F79EFBC}") = "WindowsFormsApp13", "WindowsFormsApp13\WindowsFormsApp13.csproj", "{03B95EA8-E83E-4411-9069-C5C39A045196}"
EndProject
Global
	GlobalSection(SolutionConfigurationPlatforms) = preSolution
		Debug|Any CPU = Debug|Any CPU
		Release|Any CPU = Release|Any CPU
	EndGlobalSection
	GlobalSection(ProjectConfigurationPlatforms) = postSolution
		{03B95EA8-E83E-4411-9069-C5C39A045196}.Debug|Any CPU.ActiveCfg = Debug|Any CPU
		{03B95EA8-E83E-4411-9069-C5C39A045196}.Debug|Any CPU.Build.0 = Debug|Any CPU
		{03B95EA8-E83E-4411-9069-C5C39A045196}.Release|Any CPU.ActiveCfg = Release|Any CPU
		{03B95EA8-E83E-4411-9069-C5C39A045196}.Release|Any CPU.Build.0 = Release|Any CPU
	EndGlobalSection
	GlobalSection(SolutionProperties) = preSolution
		HideSolutionNode = FALSE
	EndGlobalSection
	GlobalSection(ExtensibilityGlobals) = postSolution
		SolutionGuid = {6946AF51-3E0A-4556-B816-52A7E9E30B92}
	EndGlobalSection
EndGlobal
